
Microsoft Visual Studio Solution File, Format Version 12.00
# Visual Studio 15
VisualStudioVersion = 15.0.27130.2010
MinimumVisualStudioVersion = 10.0.40219.1
Project("{FAE04EC0-301F-11D3-BF4B-00C04F79EFBC}") = "AbcMovies", "AbcMovies\AbcMovies.csproj", "{A35E780F-30EC-4B66-9BB6-F0B142E0D64E}"
EndProject
Global
	GlobalSection(SolutionConfigurationPlatforms) = preSolution
		Debug|Any CPU = Debug|Any CPU
		Release|Any CPU = Release|Any CPU
	EndGlobalSection
	GlobalSection(ProjectConfigurationPlatforms) = postSolution
		{A35E780F-30EC-4B66-9BB6-F0B142E0D64E}.Debug|Any CPU.ActiveCfg = Debug|Any CPU
		{A35E780F-30EC-4B66-9BB6-F0B142E0D64E}.Debug|Any CPU.Build.0 = Debug|Any CPU
		{A35E780F-30EC-4B66-9BB6-F0B142E0D64E}.Release|Any CPU.ActiveCfg = Release|Any CPU
		{A35E780F-30EC-4B66-9BB6-F0B142E0D64E}.Release|Any CPU.Build.0 = Release|Any CPU
	EndGlobalSection
	GlobalSection(SolutionProperties) = preSolution
		HideSolutionNode = FALSE
	EndGlobalSection
	GlobalSection(ExtensibilityGlobals) = postSolution
		SolutionGuid = {B45FEBDB-813B-4FFD-A166-5FA80D234B3A}
	EndGlobalSection
EndGlobal
